
Microsoft Visual Studio Solution File, Format Version 12.00
# Visual Studio Version 16
VisualStudioVersion = 16.0.32228.343
MinimumVisualStudioVersion = 10.0.40219.1
Project("{FAE04EC0-301F-11D3-BF4B-00C04F79EFBC}") = "Unity Theater Seats Shared", "Unity Theater Seats Shared.csproj", "{8557F724-A7C2-4032-8C00-961893A9E526}"
EndProject
Global
	GlobalSection(SolutionConfigurationPlatforms) = preSolution
		Debug|Any CPU = Debug|Any CPU
		Release|Any CPU = Release|Any CPU
	EndGlobalSection
	GlobalSection(ProjectConfigurationPlatforms) = postSolution
		{8557F724-A7C2-4032-8C00-961893A9E526}.Debug|Any CPU.ActiveCfg = Debug|Any CPU
		{8557F724-A7C2-4032-8C00-961893A9E526}.Debug|Any CPU.Build.0 = Debug|Any CPU
		{8557F724-A7C2-4032-8C00-961893A9E526}.Release|Any CPU.ActiveCfg = Release|Any CPU
		{8557F724-A7C2-4032-8C00-961893A9E526}.Release|Any CPU.Build.0 = Release|Any CPU
	EndGlobalSection
	GlobalSection(SolutionProperties) = preSolution
		HideSolutionNode = FALSE
	EndGlobalSection
	GlobalSection(ExtensibilityGlobals) = postSolution
		SolutionGuid = {BEC55CE0-D74F-47B8-A5B8-2F0075683D11}
	EndGlobalSection
EndGlobal
